
Microsoft Visual Studio Solution File, Format Version 12.00
# Visual Studio 15
VisualStudioVersion = 15.0.27703.2026
MinimumVisualStudioVersion = 10.0.40219.1
Project("{FAE04EC0-301F-11D3-BF4B-00C04F79EFBC}") = "ProgrammingAssignment_3_CSIS209", "ProgrammingAssignment_3_CSIS209.csproj", "{BE002EA2-3B62-4C93-B892-669E1AC5654C}"
EndProject
Global
	GlobalSection(SolutionConfigurationPlatforms) = preSolution
		Debug|Any CPU = Debug|Any CPU
		Release|Any CPU = Release|Any CPU
	EndGlobalSection
	GlobalSection(ProjectConfigurationPlatforms) = postSolution
		{BE002EA2-3B62-4C93-B892-669E1AC5654C}.Debug|Any CPU.ActiveCfg = Debug|Any CPU
		{BE002EA2-3B62-4C93-B892-669E1AC5654C}.Debug|Any CPU.Build.0 = Debug|Any CPU
		{BE002EA2-3B62-4C93-B892-669E1AC5654C}.Release|Any CPU.ActiveCfg = Release|Any CPU
		{BE002EA2-3B62-4C93-B892-669E1AC5654C}.Release|Any CPU.Build.0 = Release|Any CPU
	EndGlobalSection
	GlobalSection(SolutionProperties) = preSolution
		HideSolutionNode = FALSE
	EndGlobalSection
	GlobalSection(ExtensibilityGlobals) = postSolution
		SolutionGuid = {A0819A8C-1289-47B6-8DE8-FC71546A95D2}
	EndGlobalSection
EndGlobal
